{
    "_readme": [
        "This file locks the dependencies of your project to a known state",
        "Read more about it at https://getcomposer.org/doc/01-basic-usage.md#installing-dependencies",
        "This file is @generated automatically"
    ],
    "content-hash": "74c785b902ae9c2f6ede6c34572e2196",
    "packages": [
        {
            "name": "composer/semver",
            "version": "3.2.5",
            "source": {
                "type": "git",
                "url": "https://github.com/composer/semver.git",
                "reference": "31f3ea725711245195f62e54ffa402d8ef2fdba9"
            },
            "dist": {
                "type": "zip",
                "url": "https://api.github.com/repos/composer/semver/zipball/31f3ea725711245195f62e54ffa402d8ef2fdba9",
                "reference": "31f3ea725711245195f62e54ffa402d8ef2fdba9",
                "shasum": ""
            },
            "require": {
                "php": "^5.3.2 || ^7.0 || ^8.0"
            },
            "require-dev": {
                "phpstan/phpstan": "^0.12.54",
                "symfony/phpunit-bridge": "^4.2 || ^5"
            },
            "type": "library",
            "extra": {
                "branch-alias": {
                    "dev-main": "3.x-dev"
                }
            },
            "autoload": {
                "psr-4": {
                    "Composer\\Semver\\": "src"
                }
            },
            "notification-url": "https://packagist.org/downloads/",
            "license": [
                "MIT"
            ],
            "authors": [
                {
                    "name": "Nils Adermann",
                    "email": "naderman@naderman.de",
                    "homepage": "http://www.naderman.de"
                },
                {
                    "name": "Jordi Boggiano",
                    "email": "j.boggiano@seld.be",
                    "homepage": "http://seld.be"
                },
                {
                    "name": "Rob Bast",
                    "email": "rob.bast@gmail.com",
                    "homepage": "http://robbast.nl"
                }
            ],
            "description": "Semver library that offers utilities, version constraint parsing and validation.",
            "keywords": [
                "semantic",
                "semver",
                "validation",
                "versioning"
            ],
            "support": {
                "irc": "irc://irc.freenode.org/composer",
                "issues": "https://github.com/composer/semver/issues",
                "source": "https://github.com/composer/semver/tree/3.2.5"
            },
            "funding": [
                {
                    "url": "https://packagist.com",
                    "type": "custom"
                },
                {
                    "url": "https://github.com/composer",
                    "type": "github"
                },
                {
                    "url": "https://tidelift.com/funding/github/packagist/composer/composer",
                    "type": "tidelift"
                }
            ],
            "time": "2021-05-24T12:41:47+00:00"
        },
        {
            "name": "desarrolla2/cache",
            "version": "v3.0.1",
            "source": {
                "type": "git",
                "url": "https://github.com/desarrolla2/Cache.git",
                "reference": "4d0cf92133b9800b4949733294bd759cb58bd302"
            },
            "dist": {
                "type": "zip",
                "url": "https://api.github.com/repos/desarrolla2/Cache/zipball/4d0cf92133b9800b4949733294bd759cb58bd302",
                "reference": "4d0cf92133b9800b4949733294bd759cb58bd302",
                "shasum": ""
            },
            "require": {
                "php": ">=7.2.0",
                "psr/simple-cache": "^1.0"
            },
            "provide": {
                "psr/simple-cache-implementation": "1.0"
            },
            "require-dev": {
                "cache/integration-tests": "dev-master",
                "ext-apcu": "*",
                "ext-json": "*",
                "ext-memcached": "*",
                "ext-mysqli": "*",
                "mikey179/vfsstream": "v1.6.8",
                "mongodb/mongodb": "^1.3",
                "phpstan/phpstan": "^0.12.29",
                "phpunit/phpunit": "^8.3 || ^9.0",
                "predis/predis": "~1.0.0",
                "symfony/phpunit-bridge": "^5.2"
            },
            "type": "library",
            "autoload": {
                "psr-4": {
                    "Desarrolla2\\Cache\\": "src/"
                }
            },
            "notification-url": "https://packagist.org/downloads/",
            "license": [
                "MIT"
            ],
            "authors": [
                {
                    "name": "Daniel González",
                    "homepage": "http://desarrolla2.com/"
                },
                {
                    "name": "Arnold Daniels",
                    "homepage": "https://jasny.net/"
                }
            ],
            "description": "Provides an cache interface for several adapters Apc, Apcu, File, Mongo, Memcache, Memcached, Mysql, Mongo, Redis is supported.",
            "homepage": "https://github.com/desarrolla2/Cache/",
            "keywords": [
                "apc",
                "apcu",
                "cache",
                "file",
                "memcache",
                "memcached",
                "mongo",
                "mysql",
                "psr-16",
                "redis",
                "simple-cache"
            ],
            "support": {
                "issues": "https://github.com/desarrolla2/Cache/issues",
                "source": "https://github.com/desarrolla2/Cache/tree/v3.0.1"
            },
            "time": "2020-12-18T05:24:11+00:00"
        },
        {
            "name": "mervick/aes-everywhere",
            "version": "v1.1.3",
            "source": {
                "type": "git",
                "url": "https://github.com/mervick/aes-everywhere.git",
                "reference": "5b0078aa579b5f4775979ec9a1b8b3c8c2debdbc"
            },
            "dist": {
                "type": "zip",
                "url": "https://api.github.com/repos/mervick/aes-everywhere/zipball/5b0078aa579b5f4775979ec9a1b8b3c8c2debdbc",
                "reference": "5b0078aa579b5f4775979ec9a1b8b3c8c2debdbc",
                "shasum": ""
            },
            "require-dev": {
                "phpunit/phpunit": "^5"
            },
            "type": "library",
            "autoload": {
                "psr-4": {
                    "mervick\\aesEverywhere\\tests\\": "php//tests//",
                    "mervick\\aesEverywhere\\": "php//src//"
                }
            },
            "notification-url": "https://packagist.org/downloads/",
            "license": [
                "MIT"
            ],
            "authors": [
                {
                    "name": "Andrey Izman",
                    "email": "izmanw@gmail.com"
                }
            ],
            "description": "Aes Everywhere - Cross Language Encryption Library (AES/256/CBC/PKCS5)",
            "support": {
                "issues": "https://github.com/mervick/aes-everywhere/issues",
                "source": "https://github.com/mervick/aes-everywhere/tree/v1.1.3"
            },
            "time": "2019-09-15T19:41:29+00:00"
        },
        {
            "name": "monolog/monolog",
            "version": "2.3.2",
            "source": {
                "type": "git",
                "url": "https://github.com/Seldaek/monolog.git",
                "reference": "71312564759a7db5b789296369c1a264efc43aad"
            },
            "dist": {
                "type": "zip",
                "url": "https://api.github.com/repos/Seldaek/monolog/zipball/71312564759a7db5b789296369c1a264efc43aad",
                "reference": "71312564759a7db5b789296369c1a264efc43aad",
                "shasum": ""
            },
            "require": {
                "php": ">=7.2",
                "psr/log": "^1.0.1"
            },
            "provide": {
                "psr/log-implementation": "1.0.0"
            },
            "require-dev": {
                "aws/aws-sdk-php": "^2.4.9 || ^3.0",
                "doctrine/couchdb": "~1.0@dev",
                "elasticsearch/elasticsearch": "^7",
                "graylog2/gelf-php": "^1.4.2",
                "mongodb/mongodb": "^1.8",
                "php-amqplib/php-amqplib": "~2.4",
                "php-console/php-console": "^3.1.3",
                "phpspec/prophecy": "^1.6.1",
                "phpstan/phpstan": "^0.12.91",
                "phpunit/phpunit": "^8.5",
                "predis/predis": "^1.1",
                "rollbar/rollbar": "^1.3",
                "ruflin/elastica": ">=0.90 <7.0.1",
                "swiftmailer/swiftmailer": "^5.3|^6.0"
            },
            "suggest": {
                "aws/aws-sdk-php": "Allow sending log messages to AWS services like DynamoDB",
                "doctrine/couchdb": "Allow sending log messages to a CouchDB server",
                "elasticsearch/elasticsearch": "Allow sending log messages to an Elasticsearch server via official client",
                "ext-amqp": "Allow sending log messages to an AMQP server (1.0+ required)",
                "ext-mbstring": "Allow to work properly with unicode symbols",
                "ext-mongodb": "Allow sending log messages to a MongoDB server (via driver)",
                "graylog2/gelf-php": "Allow sending log messages to a GrayLog2 server",
                "mongodb/mongodb": "Allow sending log messages to a MongoDB server (via library)",
                "php-amqplib/php-amqplib": "Allow sending log messages to an AMQP server using php-amqplib",
                "php-console/php-console": "Allow sending log messages to Google Chrome",
                "rollbar/rollbar": "Allow sending log messages to Rollbar",
                "ruflin/elastica": "Allow sending log messages to an Elastic Search server"
            },
            "type": "library",
            "extra": {
                "branch-alias": {
                    "dev-main": "2.x-dev"
                }
            },
            "autoload": {
                "psr-4": {
                    "Monolog\\": "src/Monolog"
                }
            },
            "notification-url": "https://packagist.org/downloads/",
            "license": [
                "MIT"
            ],
            "authors": [
                {
                    "name": "Jordi Boggiano",
                    "email": "j.boggiano@seld.be",
                    "homepage": "https://seld.be"
                }
            ],
            "description": "Sends your logs to files, sockets, inboxes, databases and various web services",
            "homepage": "https://github.com/Seldaek/monolog",
            "keywords": [
                "log",
                "logging",
                "psr-3"
            ],
            "support": {
                "issues": "https://github.com/Seldaek/monolog/issues",
                "source": "https://github.com/Seldaek/monolog/tree/2.3.2"
            },
            "funding": [
                {
                    "url": "https://github.com/Seldaek",
                    "type": "github"
                },
                {
                    "url": "https://tidelift.com/funding/github/packagist/monolog/monolog",
                    "type": "tidelift"
                }
            ],
            "time": "2021-07-23T07:42:52+00:00"
        },
        {
            "name": "psr/log",
            "version": "1.0.2",
            "source": {
                "type": "git",
                "url": "https://github.com/php-fig/log.git",
                "reference": "4ebe3a8bf773a19edfe0a84b6585ba3d401b724d"
            },
            "dist": {
                "type": "zip",
                "url": "https://api.github.com/repos/php-fig/log/zipball/4ebe3a8bf773a19edfe0a84b6585ba3d401b724d",
                "reference": "4ebe3a8bf773a19edfe0a84b6585ba3d401b724d",
                "shasum": ""
            },
            "require": {
                "php": ">=5.3.0"
            },
            "type": "library",
            "extra": {
                "branch-alias": {
                    "dev-master": "1.0.x-dev"
                }
            },
            "autoload": {
                "psr-4": {
                    "Psr\\Log\\": "Psr/Log/"
                }
            },
            "notification-url": "https://packagist.org/downloads/",
            "license": [
                "MIT"
            ],
            "authors": [
                {
                    "name": "PHP-FIG",
                    "homepage": "http://www.php-fig.org/"
                }
            ],
            "description": "Common interface for logging libraries",
            "homepage": "https://github.com/php-fig/log",
            "keywords": [
                "log",
                "psr",
                "psr-3"
            ],
            "support": {
                "source": "https://github.com/php-fig/log/tree/master"
            },
            "time": "2016-10-10T12:19:37+00:00"
        },
        {
            "name": "psr/simple-cache",
            "version": "1.0.1",
            "source": {
                "type": "git",
                "url": "https://github.com/php-fig/simple-cache.git",
                "reference": "408d5eafb83c57f6365a3ca330ff23aa4a5fa39b"
            },
            "dist": {
                "type": "zip",
                "url": "https://api.github.com/repos/php-fig/simple-cache/zipball/408d5eafb83c57f6365a3ca330ff23aa4a5fa39b",
                "reference": "408d5eafb83c57f6365a3ca330ff23aa4a5fa39b",
                "shasum": ""
            },
            "require": {
                "php": ">=5.3.0"
            },
            "type": "library",
            "extra": {
                "branch-alias": {
                    "dev-master": "1.0.x-dev"
                }
            },
            "autoload": {
                "psr-4": {
                    "Psr\\SimpleCache\\": "src/"
                }
            },
            "notification-url": "https://packagist.org/downloads/",
            "license": [
                "MIT"
            ],
            "authors": [
                {
                    "name": "PHP-FIG",
                    "homepage": "http://www.php-fig.org/"
                }
            ],
            "description": "Common interfaces for simple caching",
            "keywords": [
                "cache",
                "caching",
                "psr",
                "psr-16",
                "simple-cache"
            ],
            "support": {
                "source": "https://github.com/php-fig/simple-cache/tree/master"
            },
            "time": "2017-10-23T01:57:42+00:00"
        },
        {
            "name": "visualappeal/php-auto-update",
            "version": "0.15.0",
            "source": {
                "type": "git",
                "url": "https://github.com/VisualAppeal/PHP-Auto-Update.git",
                "reference": "06394df0bbd5fc7d398f591f4602e16c8239aaa0"
            },
            "dist": {
                "type": "zip",
                "url": "https://api.github.com/repos/VisualAppeal/PHP-Auto-Update/zipball/06394df0bbd5fc7d398f591f4602e16c8239aaa0",
                "reference": "06394df0bbd5fc7d398f591f4602e16c8239aaa0",
                "shasum": ""
            },
            "require": {
                "composer/semver": "^3.0",
                "desarrolla2/cache": "^3.0",
                "ext-curl": "*",
                "ext-json": "*",
                "ext-zip": "*",
                "monolog/monolog": "^2.1",
                "php": ">=7.2.0"
            },
            "require-dev": {
                "phpunit/phpunit": "^9.5",
                "roave/security-advisories": "dev-master"
            },
            "type": "library",
            "autoload": {
                "psr-4": {
                    "VisualAppeal\\": "src/"
                }
            },
            "notification-url": "https://packagist.org/downloads/",
            "license": [
                "MIT"
            ],
            "authors": [
                {
                    "name": "Tim Helfensdörfer",
                    "email": "tim@visualappeal.de"
                }
            ],
            "description": "Autoupdater for PHP",
            "support": {
                "issues": "https://github.com/VisualAppeal/PHP-Auto-Update/issues",
                "source": "https://github.com/VisualAppeal/PHP-Auto-Update/tree/0.15.0"
            },
            "time": "2021-01-21T15:26:39+00:00"
        }
    ],
    "packages-dev": [],
    "aliases": [],
    "minimum-stability": "stable",
    "stability-flags": [],
    "prefer-stable": false,
    "prefer-lowest": false,
    "platform": {
        "ext-json": "*",
        "ext-curl": "*",
        "ext-zip": "*"
    },
    "platform-dev": [],
    "plugin-api-version": "2.1.0"
}
